
Microsoft Visual Studio Solution File, Format Version 12.00
# Visual Studio Version 16
VisualStudioVersion = 16.0.31112.23
MinimumVisualStudioVersion = 10.0.40219.1
Project("{FAE04EC0-301F-11D3-BF4B-00C04F79EFBC}") = "7555PRG522Sum", "7555PRG522Sum\7555PRG522Sum.csproj", "{CE67EEC5-44BF-41AD-8609-D986CD33388A}"
EndProject
Global
	GlobalSection(SolutionConfigurationPlatforms) = preSolution
		Debug|Any CPU = Debug|Any CPU
		Release|Any CPU = Release|Any CPU
	EndGlobalSection
	GlobalSection(ProjectConfigurationPlatforms) = postSolution
		{CE67EEC5-44BF-41AD-8609-D986CD33388A}.Debug|Any CPU.ActiveCfg = Debug|Any CPU
		{CE67EEC5-44BF-41AD-8609-D986CD33388A}.Debug|Any CPU.Build.0 = Debug|Any CPU
		{CE67EEC5-44BF-41AD-8609-D986CD33388A}.Release|Any CPU.ActiveCfg = Release|Any CPU
		{CE67EEC5-44BF-41AD-8609-D986CD33388A}.Release|Any CPU.Build.0 = Release|Any CPU
	EndGlobalSection
	GlobalSection(SolutionProperties) = preSolution
		HideSolutionNode = FALSE
	EndGlobalSection
	GlobalSection(ExtensibilityGlobals) = postSolution
		SolutionGuid = {4668DB32-1BDD-4125-AC7B-F830DFEDF970}
	EndGlobalSection
EndGlobal
